{
  "version": 4,
  "terraform_version": "1.14.5",
  "serial": 32,
  "lineage": "c78f37a7-0095-292f-93d7-eac048f00c52",
  "outputs": {
    "resource_group_name": {
      "value": "test-07-rg",
      "type": "string"
    }
  },
  "resources": [
    {
      "mode": "managed",
      "type": "azurerm_application_insights",
      "name": "insights",
      "provider": "provider[\"registry.terraform.io/hashicorp/azurerm\"]",
      "instances": [
        {
          "schema_version": 2,
          "attributes": {
            "app_id": "3a1472cc-e4c0-4385-a23c-a76849500012",
            "application_type": "web",
            "connection_string": "InstrumentationKey=882ce76f-64da-40e0-a82c-0e680905550d;IngestionEndpoint=https://canadacentral-1.in.applicationinsights.azure.com/;LiveEndpoint=https://canadacentral.livediagnostics.monitor.azure.com/;ApplicationId=3a1472cc-e4c0-4385-a23c-a76849500012",
            "daily_data_cap_in_gb": 100,
            "daily_data_cap_notifications_disabled": false,
            "disable_ip_masking": false,
            "force_customer_storage_for_profiler": false,
            "id": "/subscriptions/6d52c0ac-1d11-41a7-88bd-03c2f14e0b56/resourceGroups/test-07-rg/providers/Microsoft.Insights/components/test-07-app-insights",
            "instrumentation_key": "882ce76f-64da-40e0-a82c-0e680905550d",
            "internet_ingestion_enabled": true,
            "internet_query_enabled": true,
            "local_authentication_disabled": false,
            "location": "canadacentral",
            "name": "test-07-app-insights",
            "resource_group_name": "test-07-rg",
            "retention_in_days": 90,
            "sampling_percentage": 100,
            "tags": {},
            "timeouts": null,
            "workspace_id": ""
          },
          "sensitive_attributes": [
            [
              {
                "type": "get_attr",
                "value": "connection_string"
              }
            ],
            [
              {
                "type": "get_attr",
                "value": "instrumentation_key"
              }
            ]
          ],
          "identity_schema_version": 0,
          "private": "eyJlMmJmYjczMC1lY2FhLTExZTYtOGY4OC0zNDM2M2JjN2M0YzAiOnsiY3JlYXRlIjozNjAwMDAwMDAwMDAwLCJkZWxldGUiOjE4MDAwMDAwMDAwMDAsInJlYWQiOjMwMDAwMDAwMDAwMCwidXBkYXRlIjoxODAwMDAwMDAwMDAwfSwic2NoZW1hX3ZlcnNpb24iOiIyIn0=",
          "dependencies": [
            "azurerm_resource_group.rg"
          ]
        }
      ]
    },
    {
      "mode": "managed",
      "type": "azurerm_linux_web_app",
      "name": "app_service",
      "provider": "provider[\"registry.terraform.io/hashicorp/azurerm\"]",
      "instances": [
        {
          "status": "tainted",
          "schema_version": 1,
          "attributes": {
            "app_settings": {
              "SCM_DO_BUILD_DURING_DEPLOYMENT": "true"
            },
            "auth_settings": [],
            "auth_settings_v2": [],
            "backup": [],
            "client_affinity_enabled": false,
            "client_certificate_enabled": false,
            "client_certificate_exclusion_paths": null,
            "client_certificate_mode": "Required",
            "connection_string": [],
            "custom_domain_verification_id": null,
            "default_hostname": null,
            "enabled": true,
            "ftp_publish_basic_authentication_enabled": true,
            "hosting_environment_id": null,
            "https_only": false,
            "id": "/subscriptions/6d52c0ac-1d11-41a7-88bd-03c2f14e0b56/resourceGroups/test-07-rg/providers/Microsoft.Web/sites/test-07-app",
            "identity": [],
            "key_vault_reference_identity_id": null,
            "kind": null,
            "location": "canadacentral",
            "logs": [],
            "name": "test-07-app",
            "outbound_ip_address_list": null,
            "outbound_ip_addresses": null,
            "possible_outbound_ip_address_list": null,
            "possible_outbound_ip_addresses": null,
            "public_network_access_enabled": true,
            "resource_group_name": "test-07-rg",
            "service_plan_id": "/subscriptions/6d52c0ac-1d11-41a7-88bd-03c2f14e0b56/resourceGroups/test-07-rg/providers/Microsoft.Web/serverFarms/test-07-app-plan",
            "site_config": [
              {
                "always_on": true,
                "api_definition_url": "",
                "api_management_api_id": "",
                "app_command_line": "gunicorn --worker-class uvicorn.workers.UvicornWorker --timeout 600 --access-logfile \"-\" --error-logfile \"-\" main:app",
                "application_stack": [],
                "auto_heal_enabled": false,
                "auto_heal_setting": [],
                "container_registry_managed_identity_client_id": "",
                "container_registry_use_managed_identity": false,
                "cors": [],
                "default_documents": [],
                "detailed_error_logging_enabled": false,
                "ftps_state": "Disabled",
                "health_check_eviction_time_in_min": 0,
                "health_check_path": "",
                "http2_enabled": false,
                "ip_restriction": [],
                "ip_restriction_default_action": "Allow",
                "linux_fx_version": "",
                "load_balancing_mode": "LeastRequests",
                "local_mysql_enabled": false,
                "managed_pipeline_mode": "Integrated",
                "minimum_tls_version": "1.2",
                "remote_debugging_enabled": false,
                "remote_debugging_version": "",
                "scm_ip_restriction": [],
                "scm_ip_restriction_default_action": "Allow",
                "scm_minimum_tls_version": "1.2",
                "scm_type": "",
                "scm_use_main_ip_restriction": false,
                "use_32_bit_worker": true,
                "vnet_route_all_enabled": false,
                "websockets_enabled": false,
                "worker_count": 0
              }
            ],
            "site_credential": null,
            "sticky_settings": [],
            "storage_account": [],
            "tags": null,
            "timeouts": null,
            "virtual_network_subnet_id": null,
            "webdeploy_publish_basic_authentication_enabled": true,
            "zip_deploy_file": "./src.zip"
          },
          "sensitive_attributes": [
            [
              {
                "type": "get_attr",
                "value": "custom_domain_verification_id"
              }
            ],
            [
              {
                "type": "get_attr",
                "value": "site_credential"
              }
            ]
          ],
          "identity_schema_version": 0,
          "private": "eyJlMmJmYjczMC1lY2FhLTExZTYtOGY4OC0zNDM2M2JjN2M0YzAiOnsiY3JlYXRlIjoxODAwMDAwMDAwMDAwLCJkZWxldGUiOjE4MDAwMDAwMDAwMDAsInJlYWQiOjMwMDAwMDAwMDAwMCwidXBkYXRlIjoxODAwMDAwMDAwMDAwfSwic2NoZW1hX3ZlcnNpb24iOiIxIn0=",
          "dependencies": [
            "azurerm_resource_group.rg",
            "azurerm_service_plan.app_plan"
          ]
        }
      ]
    },
    {
      "mode": "managed",
      "type": "azurerm_resource_group",
      "name": "rg",
      "provider": "provider[\"registry.terraform.io/hashicorp/azurerm\"]",
      "instances": [
        {
          "schema_version": 0,
          "attributes": {
            "id": "/subscriptions/6d52c0ac-1d11-41a7-88bd-03c2f14e0b56/resourceGroups/test-07-rg",
            "location": "canadacentral",
            "managed_by": "",
            "name": "test-07-rg",
            "tags": {},
            "timeouts": null
          },
          "sensitive_attributes": [],
          "identity_schema_version": 0,
          "private": "eyJlMmJmYjczMC1lY2FhLTExZTYtOGY4OC0zNDM2M2JjN2M0YzAiOnsiY3JlYXRlIjo1NDAwMDAwMDAwMDAwLCJkZWxldGUiOjU0MDAwMDAwMDAwMDAsInJlYWQiOjMwMDAwMDAwMDAwMCwidXBkYXRlIjo1NDAwMDAwMDAwMDAwfX0="
        }
      ]
    },
    {
      "mode": "managed",
      "type": "azurerm_service_plan",
      "name": "app_plan",
      "provider": "provider[\"registry.terraform.io/hashicorp/azurerm\"]",
      "instances": [
        {
          "schema_version": 1,
          "attributes": {
            "app_service_environment_id": "",
            "id": "/subscriptions/6d52c0ac-1d11-41a7-88bd-03c2f14e0b56/resourceGroups/test-07-rg/providers/Microsoft.Web/serverFarms/test-07-app-plan",
            "kind": "linux",
            "location": "canadacentral",
            "maximum_elastic_worker_count": 1,
            "name": "test-07-app-plan",
            "os_type": "Linux",
            "per_site_scaling_enabled": false,
            "reserved": true,
            "resource_group_name": "test-07-rg",
            "sku_name": "B1",
            "tags": {},
            "timeouts": null,
            "worker_count": 1,
            "zone_balancing_enabled": false
          },
          "sensitive_attributes": [],
          "identity_schema_version": 0,
          "private": "eyJlMmJmYjczMC1lY2FhLTExZTYtOGY4OC0zNDM2M2JjN2M0YzAiOnsiY3JlYXRlIjozNjAwMDAwMDAwMDAwLCJkZWxldGUiOjM2MDAwMDAwMDAwMDAsInJlYWQiOjMwMDAwMDAwMDAwMCwidXBkYXRlIjozNjAwMDAwMDAwMDAwfSwic2NoZW1hX3ZlcnNpb24iOiIxIn0=",
          "dependencies": [
            "azurerm_resource_group.rg"
          ]
        }
      ]
    }
  ],
  "check_results": [
    {
      "object_kind": "var",
      "config_addr": "var.base_name",
      "status": "pass",
      "objects": [
        {
          "object_addr": "var.base_name",
          "status": "pass"
        }
      ]
    }
  ]
}
